// !$*UTF8*$!
{
	archiveVersion = 1;
	classes = {
	};
	objectVersion = 48;
	objects = {

/* Begin PBXBuildFile section */
		FF0FE3DA1FCE984800B5D380 /* MapViewController+MKMapView.swift in Sources */ = {isa = PBXBuildFile; fileRef = FF0FE3D91FCE984700B5D380 /* MapViewController+MKMapView.swift */; };
		FF0FE3DF1FCE9B1300B5D380 /* LocationImageCell.swift in Sources */ = {isa = PBXBuildFile; fileRef = FF0FE3DE1FCE9B1300B5D380 /* LocationImageCell.swift */; };
		FF0FE3E11FCE9B3400B5D380 /* LocationDetailController.swift in Sources */ = {isa = PBXBuildFile; fileRef = FF0FE3E01FCE9B3400B5D380 /* LocationDetailController.swift */; };
		FF0FE3E51FCEA03500B5D380 /* Data.xcdatamodeld in Sources */ = {isa = PBXBuildFile; fileRef = FF0FE3E31FCEA03500B5D380 /* Data.xcdatamodeld */; };
		FF0FE3E71FCEA17900B5D380 /* CoreDataStack.swift in Sources */ = {isa = PBXBuildFile; fileRef = FF0FE3E61FCEA17900B5D380 /* CoreDataStack.swift */; };
		FF0FE3F41FCEA4DE00B5D380 /* Image+CoreDataClass.swift in Sources */ = {isa = PBXBuildFile; fileRef = FF0FE3F01FCEA4DE00B5D380 /* Image+CoreDataClass.swift */; };
		FF0FE3F51FCEA4DE00B5D380 /* Image+CoreDataProperties.swift in Sources */ = {isa = PBXBuildFile; fileRef = FF0FE3F11FCEA4DE00B5D380 /* Image+CoreDataProperties.swift */; };
		FF0FE3F61FCEA4DE00B5D380 /* Pin+CoreDataClass.swift in Sources */ = {isa = PBXBuildFile; fileRef = FF0FE3F21FCEA4DE00B5D380 /* Pin+CoreDataClass.swift */; };
		FF0FE3F71FCEA4DE00B5D380 /* Pin+CoreDataProperties.swift in Sources */ = {isa = PBXBuildFile; fileRef = FF0FE3F31FCEA4DE00B5D380 /* Pin+CoreDataProperties.swift */; };
		FFAE55D21FB4547400A4E76E /* AppDelegate.swift in Sources */ = {isa = PBXBuildFile; fileRef = FFAE55D11FB4547400A4E76E /* AppDelegate.swift */; };
		FFAE55D41FB4547400A4E76E /* MapViewController.swift in Sources */ = {isa = PBXBuildFile; fileRef = FFAE55D31FB4547400A4E76E /* MapViewController.swift */; };
		FFAE55D71FB4547400A4E76E /* Main.storyboard in Resources */ = {isa = PBXBuildFile; fileRef = FFAE55D51FB4547400A4E76E /* Main.storyboard */; };
		FFAE55D91FB4547400A4E76E /* Assets.xcassets in Resources */ = {isa = PBXBuildFile; fileRef = FFAE55D81FB4547400A4E76E /* Assets.xcassets */; };
		FFAE55DC1FB4547400A4E76E /* LaunchScreen.storyboard in Resources */ = {isa = PBXBuildFile; fileRef = FFAE55DA1FB4547400A4E76E /* LaunchScreen.storyboard */; };
		FFAE55E71FB4547400A4E76E /* VirtualTouristUITests.swift in Sources */ = {isa = PBXBuildFile; fileRef = FFAE55E61FB4547400A4E76E /* VirtualTouristUITests.swift */; };
/* End PBXBuildFile section */

/* Begin PBXContainerItemProxy section */
		FFAE55E31FB4547400A4E76E /* PBXContainerItemProxy */ = {
			isa = PBXContainerItemProxy;
			containerPortal = FFAE55C61FB4547400A4E76E /* Project object */;
			proxyType = 1;
			remoteGlobalIDString = FFAE55CD1FB4547400A4E76E;
			remoteInfo = VirtualTourist;
		};
/* End PBXContainerItemProxy section */

/* Begin PBXFileReference section */
		FF0FE3D91FCE984700B5D380 /* MapViewController+MKMapView.swift */ = {isa = PBXFileReference; lastKnownFileType = sourcecode.swift; path = "MapViewController+MKMapView.swift"; sourceTree = "<group>"; };
		FF0FE3DE1FCE9B1300B5D380 /* LocationImageCell.swift */ = {isa = PBXFileReference; lastKnownFileType = sourcecode.swift; path = LocationImageCell.swift; sourceTree = "<group>"; };
		FF0FE3E01FCE9B3400B5D380 /* LocationDetailController.swift */ = {isa = PBXFileReference; lastKnownFileType = sourcecode.swift; path = LocationDetailController.swift; sourceTree = "<group>"; };
		FF0FE3E41FCEA03500B5D380 /* Data.xcdatamodel */ = {isa = PBXFileReference; lastKnownFileType = wrapper.xcdatamodel; path = Data.xcdatamodel; sourceTree = "<group>"; };
		FF0FE3E61FCEA17900B5D380 /* CoreDataStack.swift */ = {isa = PBXFileReference; fileEncoding = 4; lastKnownFileType = sourcecode.swift; path = CoreDataStack.swift; sourceTree = "<group>"; };
		FF0FE3F01FCEA4DE00B5D380 /* Image+CoreDataClass.swift */ = {isa = PBXFileReference; lastKnownFileType = sourcecode.swift; path = "Image+CoreDataClass.swift"; sourceTree = "<group>"; };
		FF0FE3F11FCEA4DE00B5D380 /* Image+CoreDataProperties.swift */ = {isa = PBXFileReference; lastKnownFileType = sourcecode.swift; path = "Image+CoreDataProperties.swift"; sourceTree = "<group>"; };
		FF0FE3F21FCEA4DE00B5D380 /* Pin+CoreDataClass.swift */ = {isa = PBXFileReference; lastKnownFileType = sourcecode.swift; path = "Pin+CoreDataClass.swift"; sourceTree = "<group>"; };
		FF0FE3F31FCEA4DE00B5D380 /* Pin+CoreDataProperties.swift */ = {isa = PBXFileReference; lastKnownFileType = sourcecode.swift; path = "Pin+CoreDataProperties.swift"; sourceTree = "<group>"; };
		FFAE55CE1FB4547400A4E76E /* VirtualTourist.app */ = {isa = PBXFileReference; explicitFileType = wrapper.application; includeInIndex = 0; path = VirtualTourist.app; sourceTree = BUILT_PRODUCTS_DIR; };
		FFAE55D11FB4547400A4E76E /* AppDelegate.swift */ = {isa = PBXFileReference; lastKnownFileType = sourcecode.swift; path = AppDelegate.swift; sourceTree = "<group>"; };
		FFAE55D31FB4547400A4E76E /* MapViewController.swift */ = {isa = PBXFileReference; lastKnownFileType = sourcecode.swift; path = MapViewController.swift; sourceTree = "<group>"; };
		FFAE55D61FB4547400A4E76E /* Base */ = {isa = PBXFileReference; lastKnownFileType = file.storyboard; name = Base; path = Base.lproj/Main.storyboard; sourceTree = "<group>"; };
		FFAE55D81FB4547400A4E76E /* Assets.xcassets */ = {isa = PBXFileReference; lastKnownFileType = folder.assetcatalog; path = Assets.xcassets; sourceTree = "<group>"; };
		FFAE55DB1FB4547400A4E76E /* Base */ = {isa = PBXFileReference; lastKnownFileType = file.storyboard; name = Base; path = Base.lproj/LaunchScreen.storyboard; sourceTree = "<group>"; };
		FFAE55DD1FB4547400A4E76E /* Info.plist */ = {isa = PBXFileReference; lastKnownFileType = text.plist.xml; path = Info.plist; sourceTree = "<group>"; };
		FFAE55E21FB4547400A4E76E /* VirtualTouristUITests.xctest */ = {isa = PBXFileReference; explicitFileType = wrapper.cfbundle; includeInIndex = 0; path = VirtualTouristUITests.xctest; sourceTree = BUILT_PRODUCTS_DIR; };
		FFAE55E61FB4547400A4E76E /* VirtualTouristUITests.swift */ = {isa = PBXFileReference; lastKnownFileType = sourcecode.swift; path = VirtualTouristUITests.swift; sourceTree = "<group>"; };
		FFAE55E81FB4547400A4E76E /* Info.plist */ = {isa = PBXFileReference; lastKnownFileType = text.plist.xml; path = Info.plist; sourceTree = "<group>"; };
/* End PBXFileReference section */

/* Begin PBXFrameworksBuildPhase section */
		FFAE55CB1FB4547400A4E76E /* Frameworks */ = {
			isa = PBXFrameworksBuildPhase;
			buildActionMask = 2147483647;
			files = (
			);
			runOnlyForDeploymentPostprocessing = 0;
		};
		FFAE55DF1FB4547400A4E76E /* Frameworks */ = {
			isa = PBXFrameworksBuildPhase;
			buildActionMask = 2147483647;
			files = (
			);
			runOnlyForDeploymentPostprocessing = 0;
		};
/* End PBXFrameworksBuildPhase section */

/* Begin PBXGroup section */
		FF0FE3D81FCE8BB600B5D380 /* Controllers */ = {
			isa = PBXGroup;
			children = (
				FFAE55D31FB4547400A4E76E /* MapViewController.swift */,
				FF0FE3D91FCE984700B5D380 /* MapViewController+MKMapView.swift */,
				FF0FE3E01FCE9B3400B5D380 /* LocationDetailController.swift */,
			);
			path = Controllers;
			sourceTree = "<group>";
		};
		FF0FE3DD1FCE9AE300B5D380 /* View */ = {
			isa = PBXGroup;
			children = (
				FF0FE3DE1FCE9B1300B5D380 /* LocationImageCell.swift */,
				FF0FE3E61FCEA17900B5D380 /* CoreDataStack.swift */,
			);
			path = View;
			sourceTree = "<group>";
		};
		FF0FE3E21FCEA01700B5D380 /* Model */ = {
			isa = PBXGroup;
			children = (
				FF0FE3F01FCEA4DE00B5D380 /* Image+CoreDataClass.swift */,
				FF0FE3F11FCEA4DE00B5D380 /* Image+CoreDataProperties.swift */,
				FF0FE3F21FCEA4DE00B5D380 /* Pin+CoreDataClass.swift */,
				FF0FE3F31FCEA4DE00B5D380 /* Pin+CoreDataProperties.swift */,
				FF0FE3E31FCEA03500B5D380 /* Data.xcdatamodeld */,
			);
			path = Model;
			sourceTree = "<group>";
		};
		FFAE55C51FB4547400A4E76E = {
			isa = PBXGroup;
			children = (
				FFAE55D01FB4547400A4E76E /* VirtualTourist */,
				FFAE55E51FB4547400A4E76E /* VirtualTouristUITests */,
				FFAE55CF1FB4547400A4E76E /* Products */,
			);
			sourceTree = "<group>";
		};
		FFAE55CF1FB4547400A4E76E /* Products */ = {
			isa = PBXGroup;
			children = (
				FFAE55CE1FB4547400A4E76E /* VirtualTourist.app */,
				FFAE55E21FB4547400A4E76E /* VirtualTouristUITests.xctest */,
			);
			name = Products;
			sourceTree = "<group>";
		};
		FFAE55D01FB4547400A4E76E /* VirtualTourist */ = {
			isa = PBXGroup;
			children = (
				FF0FE3E21FCEA01700B5D380 /* Model */,
				FF0FE3DD1FCE9AE300B5D380 /* View */,
				FF0FE3D81FCE8BB600B5D380 /* Controllers */,
				FFAE55D11FB4547400A4E76E /* AppDelegate.swift */,
				FFAE55D51FB4547400A4E76E /* Main.storyboard */,
				FFAE55D81FB4547400A4E76E /* Assets.xcassets */,
				FFAE55DA1FB4547400A4E76E /* LaunchScreen.storyboard */,
				FFAE55DD1FB4547400A4E76E /* Info.plist */,
			);
			path = VirtualTourist;
			sourceTree = "<group>";
		};
		FFAE55E51FB4547400A4E76E /* VirtualTouristUITests */ = {
			isa = PBXGroup;
			children = (
				FFAE55E61FB4547400A4E76E /* VirtualTouristUITests.swift */,
				FFAE55E81FB4547400A4E76E /* Info.plist */,
			);
			path = VirtualTouristUITests;
			sourceTree = "<group>";
		};
/* End PBXGroup section */

/* Begin PBXNativeTarget section */
		FFAE55CD1FB4547400A4E76E /* VirtualTourist */ = {
			isa = PBXNativeTarget;
			buildConfigurationList = FFAE55EB1FB4547400A4E76E /* Build configuration list for PBXNativeTarget "VirtualTourist" */;
			buildPhases = (
				FFAE55CA1FB4547400A4E76E /* Sources */,
				FFAE55CB1FB4547400A4E76E /* Frameworks */,
				FFAE55CC1FB4547400A4E76E /* Resources */,
			);
			buildRules = (
			);
			dependencies = (
			);
			name = VirtualTourist;
			productName = VirtualTourist;
			productReference = FFAE55CE1FB4547400A4E76E /* VirtualTourist.app */;
			productType = "com.apple.product-type.application";
		};
		FFAE55E11FB4547400A4E76E /* VirtualTouristUITests */ = {
			isa = PBXNativeTarget;
			buildConfigurationList = FFAE55EE1FB4547400A4E76E /* Build configuration list for PBXNativeTarget "VirtualTouristUITests" */;
			buildPhases = (
				FFAE55DE1FB4547400A4E76E /* Sources */,
				FFAE55DF1FB4547400A4E76E /* Frameworks */,
				FFAE55E01FB4547400A4E76E /* Resources */,
			);
			buildRules = (
			);
			dependencies = (
				FFAE55E41FB4547400A4E76E /* PBXTargetDependency */,
			);
			name = VirtualTouristUITests;
			productName = VirtualTouristUITests;
			productReference = FFAE55E21FB4547400A4E76E /* VirtualTouristUITests.xctest */;
			productType = "com.apple.product-type.bundle.ui-testing";
		};
/* End PBXNativeTarget section */

/* Begin PBXProject section */
		FFAE55C61FB4547400A4E76E /* Project object */ = {
			isa = PBXProject;
			attributes = {
				LastSwiftUpdateCheck = 0910;
				LastUpgradeCheck = 0910;
				ORGANIZATIONNAME = "Justin Priday";
				TargetAttributes = {
					FFAE55CD1FB4547400A4E76E = {
						CreatedOnToolsVersion = 9.1;
						ProvisioningStyle = Automatic;
					};
					FFAE55E11FB4547400A4E76E = {
						CreatedOnToolsVersion = 9.1;
						ProvisioningStyle = Automatic;
						TestTargetID = FFAE55CD1FB4547400A4E76E;
					};
				};
			};
			buildConfigurationList = FFAE55C91FB4547400A4E76E /* Build configuration list for PBXProject "VirtualTourist" */;
			compatibilityVersion = "Xcode 8.0";
			developmentRegion = en;
			hasScannedForEncodings = 0;
			knownRegions = (
				en,
				Base,
			);
			mainGroup = FFAE55C51FB4547400A4E76E;
			productRefGroup = FFAE55CF1FB4547400A4E76E /* Products */;
			projectDirPath = "";
			projectRoot = "";
			targets = (
				FFAE55CD1FB4547400A4E76E /* VirtualTourist */,
				FFAE55E11FB4547400A4E76E /* VirtualTouristUITests */,
			);
		};
/* End PBXProject section */

/* Begin PBXResourcesBuildPhase section */
		FFAE55CC1FB4547400A4E76E /* Resources */ = {
			isa = PBXResourcesBuildPhase;
			buildActionMask = 2147483647;
			files = (
				FFAE55DC1FB4547400A4E76E /* LaunchScreen.storyboard in Resources */,
				FFAE55D91FB4547400A4E76E /* Assets.xcassets in Resources */,
				FFAE55D71FB4547400A4E76E /* Main.storyboard in Resources */,
			);
			runOnlyForDeploymentPostprocessing = 0;
		};
		FFAE55E01FB4547400A4E76E /* Resources */ = {
			isa = PBXResourcesBuildPhase;
			buildActionMask = 2147483647;
			files = (
			);
			runOnlyForDeploymentPostprocessing = 0;
		};
/* End PBXResourcesBuildPhase section */

/* Begin PBXSourcesBuildPhase section */
		FFAE55CA1FB4547400A4E76E /* Sources */ = {
			isa = PBXSourcesBuildPhase;
			buildActionMask = 2147483647;
			files = (
				FF0FE3F51FCEA4DE00B5D380 /* Image+CoreDataProperties.swift in Sources */,
				FF0FE3F61FCEA4DE00B5D380 /* Pin+CoreDataClass.swift in Sources */,
				FF0FE3E71FCEA17900B5D380 /* CoreDataStack.swift in Sources */,
				FF0FE3F71FCEA4DE00B5D380 /* Pin+CoreDataProperties.swift in Sources */,
				FFAE55D41FB4547400A4E76E /* MapViewController.swift in Sources */,
				FF0FE3E51FCEA03500B5D380 /* Data.xcdatamodeld in Sources */,
				FF0FE3F41FCEA4DE00B5D380 /* Image+CoreDataClass.swift in Sources */,
				FF0FE3DF1FCE9B1300B5D380 /* LocationImageCell.swift in Sources */,
				FF0FE3E11FCE9B3400B5D380 /* LocationDetailController.swift in Sources */,
				FF0FE3DA1FCE984800B5D380 /* MapViewController+MKMapView.swift in Sources */,
				FFAE55D21FB4547400A4E76E /* AppDelegate.swift in Sources */,
			);
			runOnlyForDeploymentPostprocessing = 0;
		};
		FFAE55DE1FB4547400A4E76E /* Sources */ = {
			isa = PBXSourcesBuildPhase;
			buildActionMask = 2147483647;
			files = (
				FFAE55E71FB4547400A4E76E /* VirtualTouristUITests.swift in Sources */,
			);
			runOnlyForDeploymentPostprocessing = 0;
		};
/* End PBXSourcesBuildPhase section */

/* Begin PBXTargetDependency section */
		FFAE55E41FB4547400A4E76E /* PBXTargetDependency */ = {
			isa = PBXTargetDependency;
			target = FFAE55CD1FB4547400A4E76E /* VirtualTourist */;
			targetProxy = FFAE55E31FB4547400A4E76E /* PBXContainerItemProxy */;
		};
/* End PBXTargetDependency section */

/* Begin PBXVariantGroup section */
		FFAE55D51FB4547400A4E76E /* Main.storyboard */ = {
			isa = PBXVariantGroup;
			children = (
				FFAE55D61FB4547400A4E76E /* Base */,
			);
			name = Main.storyboard;
			sourceTree = "<group>";
		};
		FFAE55DA1FB4547400A4E76E /* LaunchScreen.storyboard */ = {
			isa = PBXVariantGroup;
			children = (
				FFAE55DB1FB4547400A4E76E /* Base */,
			);
			name = LaunchScreen.storyboard;
			sourceTree = "<group>";
		};
/* End PBXVariantGroup section */

/* Begin XCBuildConfiguration section */
		FFAE55E91FB4547400A4E76E /* Debug */ = {
			isa = XCBuildConfiguration;
			buildSettings = {
				ALWAYS_SEARCH_USER_PATHS = NO;
				CLANG_ANALYZER_NONNULL = YES;
				CLANG_ANALYZER_NUMBER_OBJECT_CONVERSION = YES_AGGRESSIVE;
				CLANG_CXX_LANGUAGE_STANDARD = "gnu++14";
				CLANG_CXX_LIBRARY = "libc++";
				CLANG_ENABLE_MODULES = YES;
				CLANG_ENABLE_OBJC_ARC = YES;
				CLANG_WARN_BLOCK_CAPTURE_AUTORELEASING = YES;
				CLANG_WARN_BOOL_CONVERSION = YES;
				CLANG_WARN_COMMA = YES;
				CLANG_WARN_CONSTANT_CONVERSION = YES;
				CLANG_WARN_DIRECT_OBJC_ISA_USAGE = YES_ERROR;
				CLANG_WARN_DOCUMENTATION_COMMENTS = YES;
				CLANG_WARN_EMPTY_BODY = YES;
				CLANG_WARN_ENUM_CONVERSION = YES;
				CLANG_WARN_INFINITE_RECURSION = YES;
				CLANG_WARN_INT_CONVERSION = YES;
				CLANG_WARN_NON_LITERAL_NULL_CONVERSION = YES;
				CLANG_WARN_OBJC_LITERAL_CONVERSION = YES;
				CLANG_WARN_OBJC_ROOT_CLASS = YES_ERROR;
				CLANG_WARN_RANGE_LOOP_ANALYSIS = YES;
				CLANG_WARN_STRICT_PROTOTYPES = YES;
				CLANG_WARN_SUSPICIOUS_MOVE = YES;
				CLANG_WARN_UNGUARDED_AVAILABILITY = YES_AGGRESSIVE;
				CLANG_WARN_UNREACHABLE_CODE = YES;
				CLANG_WARN__DUPLICATE_METHOD_MATCH = YES;
				CODE_SIGN_IDENTITY = "iPhone Developer";
				COPY_PHASE_STRIP = NO;
				DEBUG_INFORMATION_FORMAT = dwarf;
				ENABLE_STRICT_OBJC_MSGSEND = YES;
				ENABLE_TESTABILITY = YES;
				GCC_C_LANGUAGE_STANDARD = gnu11;
				GCC_DYNAMIC_NO_PIC = NO;
				GCC_NO_COMMON_BLOCKS = YES;
				GCC_OPTIMIZATION_LEVEL = 0;
				GCC_PREPROCESSOR_DEFINITIONS = (
					"DEBUG=1",
					"$(inherited)",
				);
				GCC_WARN_64_TO_32_BIT_CONVERSION = YES;
				GCC_WARN_ABOUT_RETURN_TYPE = YES_ERROR;
				GCC_WARN_UNDECLARED_SELECTOR = YES;
				GCC_WARN_UNINITIALIZED_AUTOS = YES_AGGRESSIVE;
				GCC_WARN_UNUSED_FUNCTION = YES;
				GCC_WARN_UNUSED_VARIABLE = YES;
				IPHONEOS_DEPLOYMENT_TARGET = 11.1;
				MTL_ENABLE_DEBUG_INFO = YES;
				ONLY_ACTIVE_ARCH = YES;
				SDKROOT = iphoneos;
				SWIFT_ACTIVE_COMPILATION_CONDITIONS = DEBUG;
				SWIFT_OPTIMIZATION_LEVEL = "-Onone";
			};
			name = Debug;
		};
		FFAE55EA1FB4547400A4E76E /* Release */ = {
			isa = XCBuildConfiguration;
			buildSettings = {
				ALWAYS_SEARCH_USER_PATHS = NO;
				CLANG_ANALYZER_NONNULL = YES;
				CLANG_ANALYZER_NUMBER_OBJECT_CONVERSION = YES_AGGRESSIVE;
				CLANG_CXX_LANGUAGE_STANDARD = "gnu++14";
				CLANG_CXX_LIBRARY = "libc++";
				CLANG_ENABLE_MODULES = YES;
				CLANG_ENABLE_OBJC_ARC = YES;
				CLANG_WARN_BLOCK_CAPTURE_AUTORELEASING = YES;
				CLANG_WARN_BOOL_CONVERSION = YES;
				CLANG_WARN_COMMA = YES;
				CLANG_WARN_CONSTANT_CONVERSION = YES;
				CLANG_WARN_DIRECT_OBJC_ISA_USAGE = YES_ERROR;
				CLANG_WARN_DOCUMENTATION_COMMENTS = YES;
				CLANG_WARN_EMPTY_BODY = YES;
				CLANG_WARN_ENUM_CONVERSION = YES;
				CLANG_WARN_INFINITE_RECURSION = YES;
				CLANG_WARN_INT_CONVERSION = YES;
				CLANG_WARN_NON_LITERAL_NULL_CONVERSION = YES;
				CLANG_WARN_OBJC_LITERAL_CONVERSION = YES;
				CLANG_WARN_OBJC_ROOT_CLASS = YES_ERROR;
				CLANG_WARN_RANGE_LOOP_ANALYSIS = YES;
				CLANG_WARN_STRICT_PROTOTYPES = YES;
				CLANG_WARN_SUSPICIOUS_MOVE = YES;
				CLANG_WARN_UNGUARDED_AVAILABILITY = YES_AGGRESSIVE;
				CLANG_WARN_UNREACHABLE_CODE = YES;
				CLANG_WARN__DUPLICATE_METHOD_MATCH = YES;
				CODE_SIGN_IDENTITY = "iPhone Developer";
				COPY_PHASE_STRIP = NO;
				DEBUG_INFORMATION_FORMAT = "dwarf-with-dsym";
				ENABLE_NS_ASSERTIONS = NO;
				ENABLE_STRICT_OBJC_MSGSEND = YES;
				GCC_C_LANGUAGE_STANDARD = gnu11;
				GCC_NO_COMMON_BLOCKS = YES;
				GCC_WARN_64_TO_32_BIT_CONVERSION = YES;
				GCC_WARN_ABOUT_RETURN_TYPE = YES_ERROR;
				GCC_WARN_UNDECLARED_SELECTOR = YES;
				GCC_WARN_UNINITIALIZED_AUTOS = YES_AGGRESSIVE;
				GCC_WARN_UNUSED_FUNCTION = YES;
				GCC_WARN_UNUSED_VARIABLE = YES;
				IPHONEOS_DEPLOYMENT_TARGET = 11.1;
				MTL_ENABLE_DEBUG_INFO = NO;
				SDKROOT = iphoneos;
				SWIFT_OPTIMIZATION_LEVEL = "-Owholemodule";
				VALIDATE_PRODUCT = YES;
			};
			name = Release;
		};
		FFAE55EC1FB4547400A4E76E /* Debug */ = {
			isa = XCBuildConfiguration;
			buildSettings = {
				ASSETCATALOG_COMPILER_APPICON_NAME = AppIcon;
				CODE_SIGN_STYLE = Automatic;
				DEVELOPMENT_TEAM = EPF4M4227K;
				INFOPLIST_FILE = VirtualTourist/Info.plist;
				LD_RUNPATH_SEARCH_PATHS = "$(inherited) @executable_path/Frameworks";
				PRODUCT_BUNDLE_IDENTIFIER = com.JustinPriday.VirtualTourist;
				PRODUCT_NAME = "$(TARGET_NAME)";
				SWIFT_VERSION = 4.0;
				TARGETED_DEVICE_FAMILY = "1,2";
			};
			name = Debug;
		};
		FFAE55ED1FB4547400A4E76E /* Release */ = {
			isa = XCBuildConfiguration;
			buildSettings = {
				ASSETCATALOG_COMPILER_APPICON_NAME = AppIcon;
				CODE_SIGN_STYLE = Automatic;
				DEVELOPMENT_TEAM = EPF4M4227K;
				INFOPLIST_FILE = VirtualTourist/Info.plist;
				LD_RUNPATH_SEARCH_PATHS = "$(inherited) @executable_path/Frameworks";
				PRODUCT_BUNDLE_IDENTIFIER = com.JustinPriday.VirtualTourist;
				PRODUCT_NAME = "$(TARGET_NAME)";
				SWIFT_VERSION = 4.0;
				TARGETED_DEVICE_FAMILY = "1,2";
			};
			name = Release;
		};
		FFAE55EF1FB4547400A4E76E /* Debug */ = {
			isa = XCBuildConfiguration;
			buildSettings = {
				ALWAYS_EMBED_SWIFT_STANDARD_LIBRARIES = YES;
				CODE_SIGN_STYLE = Automatic;
				DEVELOPMENT_TEAM = EPF4M4227K;
				INFOPLIST_FILE = VirtualTouristUITests/Info.plist;
				LD_RUNPATH_SEARCH_PATHS = "$(inherited) @executable_path/Frameworks @loader_path/Frameworks";
				PRODUCT_BUNDLE_IDENTIFIER = com.JustinPriday.VirtualTouristUITests;
				PRODUCT_NAME = "$(TARGET_NAME)";
				SWIFT_VERSION = 4.0;
				TARGETED_DEVICE_FAMILY = "1,2";
				TEST_TARGET_NAME = VirtualTourist;
			};
			name = Debug;
		};
		FFAE55F01FB4547400A4E76E /* Release */ = {
			isa = XCBuildConfiguration;
			buildSettings = {
				ALWAYS_EMBED_SWIFT_STANDARD_LIBRARIES = YES;
				CODE_SIGN_STYLE = Automatic;
				DEVELOPMENT_TEAM = EPF4M4227K;
				INFOPLIST_FILE = VirtualTouristUITests/Info.plist;
				LD_RUNPATH_SEARCH_PATHS = "$(inherited) @executable_path/Frameworks @loader_path/Frameworks";
				PRODUCT_BUNDLE_IDENTIFIER = com.JustinPriday.VirtualTouristUITests;
				PRODUCT_NAME = "$(TARGET_NAME)";
				SWIFT_VERSION = 4.0;
				TARGETED_DEVICE_FAMILY = "1,2";
				TEST_TARGET_NAME = VirtualTourist;
			};
			name = Release;
		};
/* End XCBuildConfiguration section */

/* Begin XCConfigurationList section */
		FFAE55C91FB4547400A4E76E /* Build configuration list for PBXProject "VirtualTourist" */ = {
			isa = XCConfigurationList;
			buildConfigurations = (
				FFAE55E91FB4547400A4E76E /* Debug */,
				FFAE55EA1FB4547400A4E76E /* Release */,
			);
			defaultConfigurationIsVisible = 0;
			defaultConfigurationName = Release;
		};
		FFAE55EB1FB4547400A4E76E /* Build configuration list for PBXNativeTarget "VirtualTourist" */ = {
			isa = XCConfigurationList;
			buildConfigurations = (
				FFAE55EC1FB4547400A4E76E /* Debug */,
				FFAE55ED1FB4547400A4E76E /* Release */,
			);
			defaultConfigurationIsVisible = 0;
			defaultConfigurationName = Release;
		};
		FFAE55EE1FB4547400A4E76E /* Build configuration list for PBXNativeTarget "VirtualTouristUITests" */ = {
			isa = XCConfigurationList;
			buildConfigurations = (
				FFAE55EF1FB4547400A4E76E /* Debug */,
				FFAE55F01FB4547400A4E76E /* Release */,
			);
			defaultConfigurationIsVisible = 0;
			defaultConfigurationName = Release;
		};
/* End XCConfigurationList section */

/* Begin XCVersionGroup section */
		FF0FE3E31FCEA03500B5D380 /* Data.xcdatamodeld */ = {
			isa = XCVersionGroup;
			children = (
				FF0FE3E41FCEA03500B5D380 /* Data.xcdatamodel */,
			);
			currentVersion = FF0FE3E41FCEA03500B5D380 /* Data.xcdatamodel */;
			path = Data.xcdatamodeld;
			sourceTree = "<group>";
			versionGroupType = wrapper.xcdatamodel;
		};
/* End XCVersionGroup section */
	};
	rootObject = FFAE55C61FB4547400A4E76E /* Project object */;
}
